# This file is automatically @generated by Cargo.
# It is not intended for manual editing.
version = 4

[[package]]
name = "bank_system"
version = "0.1.0"
dependencies = [
 "ulib",
]

[[package]]
name = "edit_past"
version = "0.1.0"
dependencies = [
 "ulib",
]

[[package]]
name = "editor"
version = "0.1.0"
dependencies = [
 "ulib",
]

[[package]]
name = "files"
version = "0.1.0"
dependencies = [
 "ulib",
]

[[package]]
name = "float_test"
version = "0.1.0"
dependencies = [
 "ulib",
]

[[package]]
name = "library_system"
version = "0.1.0"
dependencies = [
 "ulib",
]

[[package]]
name = "my_math_constants"
version = "0.1.0"
dependencies = [
 "ulib",
]

[[package]]
name = "rust_hello"
version = "0.1.0"
dependencies = [
 "ulib",
]

[[package]]
name = "rust_rust"
version = "0.1.0"
dependencies = [
 "ulib",
]

[[package]]
name = "try_args"
version = "0.1.0"
dependencies = [
 "ulib",
]

[[package]]
name = "try_vec"
version = "0.1.0"
dependencies = [
 "ulib",
]

[[package]]
name = "tsur_tsur"
version = "0.1.0"
dependencies = [
 "ulib",
]

[[package]]
name = "ulib"
version = "0.1.0"
