# This file is automatically @generated by Cargo.
# It is not intended for manual editing.
version = 4

[[package]]
name = "rust_hello"
version = "0.1.0"
dependencies = [
 "ulib",
]

[[package]]
name = "rust_rust"
version = "0.1.0"
dependencies = [
 "ulib",
]

[[package]]
name = "tsur_tsur"
version = "0.1.0"
dependencies = [
 "ulib",
]

[[package]]
name = "ulib"
version = "0.1.0"
